
Microsoft Visual Studio Solution File, Format Version 12.00
# Visual Studio 14
VisualStudioVersion = 14.0.23107.0
MinimumVisualStudioVersion = 10.0.40219.1
Project("{8BC9CEB8-8B4A-11D0-8D11-00A0C91BC942}") = "Ex_fun_1", "Ex_fun_1\Ex_fun_1.vcxproj", "{180E865C-B18F-482C-A377-BADA49DFB0D1}"
EndProject
Project("{8BC9CEB8-8B4A-11D0-8D11-00A0C91BC942}") = "Ex_fun_2", "Ex_fun_2\Ex_fun_2.vcxproj", "{765D0F0D-DEEE-4AA4-B4A6-039B254DEE83}"
EndProject
Project("{8BC9CEB8-8B4A-11D0-8D11-00A0C91BC942}") = "Ex_fun_3", "Ex_fun_3\Ex_fun_3.vcxproj", "{39311073-26BE-4DD1-AA13-88F8F1CE90C1}"
EndProject
Project("{8BC9CEB8-8B4A-11D0-8D11-00A0C91BC942}") = "Ex_fun_4", "Ex_fun_4\Ex_fun_4.vcxproj", "{84C76349-2E78-440C-82FB-C9F1DA24064C}"
EndProject
Project("{8BC9CEB8-8B4A-11D0-8D11-00A0C91BC942}") = "Arrays_Snippets_01", "Arrays_Snippets_01\Arrays_Snippets_01.vcxproj", "{5816E6C5-D184-498E-B4B2-8C4FC7CD989A}"
EndProject
Global
	GlobalSection(SolutionConfigurationPlatforms) = preSolution
		Debug|x64 = Debug|x64
		Debug|x86 = Debug|x86
		Release|x64 = Release|x64
		Release|x86 = Release|x86
	EndGlobalSection
	GlobalSection(ProjectConfigurationPlatforms) = postSolution
		{180E865C-B18F-482C-A377-BADA49DFB0D1}.Debug|x64.ActiveCfg = Debug|x64
		{180E865C-B18F-482C-A377-BADA49DFB0D1}.Debug|x64.Build.0 = Debug|x64
		{180E865C-B18F-482C-A377-BADA49DFB0D1}.Debug|x86.ActiveCfg = Debug|Win32
		{180E865C-B18F-482C-A377-BADA49DFB0D1}.Debug|x86.Build.0 = Debug|Win32
		{180E865C-B18F-482C-A377-BADA49DFB0D1}.Release|x64.ActiveCfg = Release|x64
		{180E865C-B18F-482C-A377-BADA49DFB0D1}.Release|x64.Build.0 = Release|x64
		{180E865C-B18F-482C-A377-BADA49DFB0D1}.Release|x86.ActiveCfg = Release|Win32
		{180E865C-B18F-482C-A377-BADA49DFB0D1}.Release|x86.Build.0 = Release|Win32
		{765D0F0D-DEEE-4AA4-B4A6-039B254DEE83}.Debug|x64.ActiveCfg = Debug|x64
		{765D0F0D-DEEE-4AA4-B4A6-039B254DEE83}.Debug|x64.Build.0 = Debug|x64
		{765D0F0D-DEEE-4AA4-B4A6-039B254DEE83}.Debug|x86.ActiveCfg = Debug|Win32
		{765D0F0D-DEEE-4AA4-B4A6-039B254DEE83}.Debug|x86.Build.0 = Debug|Win32
		{765D0F0D-DEEE-4AA4-B4A6-039B254DEE83}.Release|x64.ActiveCfg = Release|x64
		{765D0F0D-DEEE-4AA4-B4A6-039B254DEE83}.Release|x64.Build.0 = Release|x64
		{765D0F0D-DEEE-4AA4-B4A6-039B254DEE83}.Release|x86.ActiveCfg = Release|Win32
		{765D0F0D-DEEE-4AA4-B4A6-039B254DEE83}.Release|x86.Build.0 = Release|Win32
		{39311073-26BE-4DD1-AA13-88F8F1CE90C1}.Debug|x64.ActiveCfg = Debug|x64
		{39311073-26BE-4DD1-AA13-88F8F1CE90C1}.Debug|x64.Build.0 = Debug|x64
		{39311073-26BE-4DD1-AA13-88F8F1CE90C1}.Debug|x86.ActiveCfg = Debug|Win32
		{39311073-26BE-4DD1-AA13-88F8F1CE90C1}.Debug|x86.Build.0 = Debug|Win32
		{39311073-26BE-4DD1-AA13-88F8F1CE90C1}.Release|x64.ActiveCfg = Release|x64
		{39311073-26BE-4DD1-AA13-88F8F1CE90C1}.Release|x64.Build.0 = Release|x64
		{39311073-26BE-4DD1-AA13-88F8F1CE90C1}.Release|x86.ActiveCfg = Release|Win32
		{39311073-26BE-4DD1-AA13-88F8F1CE90C1}.Release|x86.Build.0 = Release|Win32
		{84C76349-2E78-440C-82FB-C9F1DA24064C}.Debug|x64.ActiveCfg = Debug|x64
		{84C76349-2E78-440C-82FB-C9F1DA24064C}.Debug|x64.Build.0 = Debug|x64
		{84C76349-2E78-440C-82FB-C9F1DA24064C}.Debug|x86.ActiveCfg = Debug|Win32
		{84C76349-2E78-440C-82FB-C9F1DA24064C}.Debug|x86.Build.0 = Debug|Win32
		{84C76349-2E78-440C-82FB-C9F1DA24064C}.Release|x64.ActiveCfg = Release|x64
		{84C76349-2E78-440C-82FB-C9F1DA24064C}.Release|x64.Build.0 = Release|x64
		{84C76349-2E78-440C-82FB-C9F1DA24064C}.Release|x86.ActiveCfg = Release|Win32
		{84C76349-2E78-440C-82FB-C9F1DA24064C}.Release|x86.Build.0 = Release|Win32
		{5816E6C5-D184-498E-B4B2-8C4FC7CD989A}.Debug|x64.ActiveCfg = Debug|x64
		{5816E6C5-D184-498E-B4B2-8C4FC7CD989A}.Debug|x64.Build.0 = Debug|x64
		{5816E6C5-D184-498E-B4B2-8C4FC7CD989A}.Debug|x86.ActiveCfg = Debug|Win32
		{5816E6C5-D184-498E-B4B2-8C4FC7CD989A}.Debug|x86.Build.0 = Debug|Win32
		{5816E6C5-D184-498E-B4B2-8C4FC7CD989A}.Release|x64.ActiveCfg = Release|x64
		{5816E6C5-D184-498E-B4B2-8C4FC7CD989A}.Release|x64.Build.0 = Release|x64
		{5816E6C5-D184-498E-B4B2-8C4FC7CD989A}.Release|x86.ActiveCfg = Release|Win32
		{5816E6C5-D184-498E-B4B2-8C4FC7CD989A}.Release|x86.Build.0 = Release|Win32
	EndGlobalSection
	GlobalSection(SolutionProperties) = preSolution
		HideSolutionNode = FALSE
	EndGlobalSection
EndGlobal
