
Microsoft Visual Studio Solution File, Format Version 12.00
# Visual Studio 14
VisualStudioVersion = 14.0.24720.0
MinimumVisualStudioVersion = 10.0.40219.1
Project("{8BC9CEB8-8B4A-11D0-8D11-00A0C91BC942}") = "Ex_fun_1", "Ex_fun_1\Ex_fun_1.vcxproj", "{180E865C-B18F-482C-A377-BADA49DFB0D1}"
EndProject
Project("{8BC9CEB8-8B4A-11D0-8D11-00A0C91BC942}") = "Ex_fun_2", "Ex_fun_2\Ex_fun_2.vcxproj", "{765D0F0D-DEEE-4AA4-B4A6-039B254DEE83}"
EndProject
Project("{8BC9CEB8-8B4A-11D0-8D11-00A0C91BC942}") = "Ex_fun_3", "Ex_fun_3\Ex_fun_3.vcxproj", "{39311073-26BE-4DD1-AA13-88F8F1CE90C1}"
EndProject
Project("{8BC9CEB8-8B4A-11D0-8D11-00A0C91BC942}") = "Ex_fun_4", "Ex_fun_4\Ex_fun_4.vcxproj", "{84C76349-2E78-440C-82FB-C9F1DA24064C}"
EndProject
Project("{8BC9CEB8-8B4A-11D0-8D11-00A0C91BC942}") = "Arrays_Snippets_01", "Arrays_Snippets_01\Arrays_Snippets_01.vcxproj", "{5816E6C5-D184-498E-B4B2-8C4FC7CD989A}"
EndProject
Project("{8BC9CEB8-8B4A-11D0-8D11-00A0C91BC942}") = "Array_Snippets_02", "Array_Snippets_02\Array_Snippets_02.vcxproj", "{5B682EF2-1E27-4B9A-86E8-BD829E3AFDE3}"
EndProject
Project("{8BC9CEB8-8B4A-11D0-8D11-00A0C91BC942}") = "Ex_Ptr_01", "Ex_Ptr_01\Ex_Ptr_01.vcxproj", "{6EF367BD-452D-4666-BB58-B29935FDF2DC}"
EndProject
Project("{8BC9CEB8-8B4A-11D0-8D11-00A0C91BC942}") = "Ex_fun_5", "Ex_fun_5\Ex_fun_5.vcxproj", "{4679F7E1-8CA9-47E9-9DF4-086ACF09D3EB}"
EndProject
Project("{8BC9CEB8-8B4A-11D0-8D11-00A0C91BC942}") = "Array_Snippets_3", "Array_Snippets_3\Array_Snippets_3.vcxproj", "{D854475F-8642-431A-B52C-657C9046C4F9}"
EndProject
Project("{8BC9CEB8-8B4A-11D0-8D11-00A0C91BC942}") = "ArrayPointers_01", "ArrayPointers_01\ArrayPointers_01.vcxproj", "{0F7E85ED-5068-4160-8492-0CECD1A4C498}"
EndProject
Project("{8BC9CEB8-8B4A-11D0-8D11-00A0C91BC942}") = "Array_functions_01", "Array_functions_01\Array_functions_01.vcxproj", "{5955335D-57CF-420A-86D3-D0D6AABCF4A7}"
EndProject
Project("{8BC9CEB8-8B4A-11D0-8D11-00A0C91BC942}") = "Structs_01", "Structs_01\Structs_01.vcxproj", "{44CE8609-608E-46B6-BD9F-EA829CA36E02}"
EndProject
Project("{8BC9CEB8-8B4A-11D0-8D11-00A0C91BC942}") = "InputOutput_01", "InputOutput_01\InputOutput_01.vcxproj", "{18333C0D-7CF7-4AF9-B7EE-DA27F6463060}"
EndProject
Project("{8BC9CEB8-8B4A-11D0-8D11-00A0C91BC942}") = "InputOutput_02", "InputOutput_02\InputOutput_02.vcxproj", "{4F368920-6C74-406F-91F0-F16FDC5F2BF6}"
EndProject
Project("{8BC9CEB8-8B4A-11D0-8D11-00A0C91BC942}") = "InputOutput_03", "InputOutput_03\InputOutput_03.vcxproj", "{58998BA4-AF49-47EF-9842-C598CB539493}"
EndProject
Project("{8BC9CEB8-8B4A-11D0-8D11-00A0C91BC942}") = "InputOutput_04", "InputOutput_04\InputOutput_04.vcxproj", "{7BB24B32-AD1E-44B6-A7B8-AE05B43DB0C0}"
EndProject
Global
	GlobalSection(SolutionConfigurationPlatforms) = preSolution
		Debug|x64 = Debug|x64
		Debug|x86 = Debug|x86
		Release|x64 = Release|x64
		Release|x86 = Release|x86
	EndGlobalSection
	GlobalSection(ProjectConfigurationPlatforms) = postSolution
		{180E865C-B18F-482C-A377-BADA49DFB0D1}.Debug|x64.ActiveCfg = Debug|x64
		{180E865C-B18F-482C-A377-BADA49DFB0D1}.Debug|x64.Build.0 = Debug|x64
		{180E865C-B18F-482C-A377-BADA49DFB0D1}.Debug|x86.ActiveCfg = Debug|Win32
		{180E865C-B18F-482C-A377-BADA49DFB0D1}.Debug|x86.Build.0 = Debug|Win32
		{180E865C-B18F-482C-A377-BADA49DFB0D1}.Release|x64.ActiveCfg = Release|x64
		{180E865C-B18F-482C-A377-BADA49DFB0D1}.Release|x64.Build.0 = Release|x64
		{180E865C-B18F-482C-A377-BADA49DFB0D1}.Release|x86.ActiveCfg = Release|Win32
		{180E865C-B18F-482C-A377-BADA49DFB0D1}.Release|x86.Build.0 = Release|Win32
		{765D0F0D-DEEE-4AA4-B4A6-039B254DEE83}.Debug|x64.ActiveCfg = Debug|x64
		{765D0F0D-DEEE-4AA4-B4A6-039B254DEE83}.Debug|x64.Build.0 = Debug|x64
		{765D0F0D-DEEE-4AA4-B4A6-039B254DEE83}.Debug|x86.ActiveCfg = Debug|Win32
		{765D0F0D-DEEE-4AA4-B4A6-039B254DEE83}.Debug|x86.Build.0 = Debug|Win32
		{765D0F0D-DEEE-4AA4-B4A6-039B254DEE83}.Release|x64.ActiveCfg = Release|x64
		{765D0F0D-DEEE-4AA4-B4A6-039B254DEE83}.Release|x64.Build.0 = Release|x64
		{765D0F0D-DEEE-4AA4-B4A6-039B254DEE83}.Release|x86.ActiveCfg = Release|Win32
		{765D0F0D-DEEE-4AA4-B4A6-039B254DEE83}.Release|x86.Build.0 = Release|Win32
		{39311073-26BE-4DD1-AA13-88F8F1CE90C1}.Debug|x64.ActiveCfg = Debug|x64
		{39311073-26BE-4DD1-AA13-88F8F1CE90C1}.Debug|x64.Build.0 = Debug|x64
		{39311073-26BE-4DD1-AA13-88F8F1CE90C1}.Debug|x86.ActiveCfg = Debug|Win32
		{39311073-26BE-4DD1-AA13-88F8F1CE90C1}.Debug|x86.Build.0 = Debug|Win32
		{39311073-26BE-4DD1-AA13-88F8F1CE90C1}.Release|x64.ActiveCfg = Release|x64
		{39311073-26BE-4DD1-AA13-88F8F1CE90C1}.Release|x64.Build.0 = Release|x64
		{39311073-26BE-4DD1-AA13-88F8F1CE90C1}.Release|x86.ActiveCfg = Release|Win32
		{39311073-26BE-4DD1-AA13-88F8F1CE90C1}.Release|x86.Build.0 = Release|Win32
		{84C76349-2E78-440C-82FB-C9F1DA24064C}.Debug|x64.ActiveCfg = Debug|x64
		{84C76349-2E78-440C-82FB-C9F1DA24064C}.Debug|x64.Build.0 = Debug|x64
		{84C76349-2E78-440C-82FB-C9F1DA24064C}.Debug|x86.ActiveCfg = Debug|Win32
		{84C76349-2E78-440C-82FB-C9F1DA24064C}.Debug|x86.Build.0 = Debug|Win32
		{84C76349-2E78-440C-82FB-C9F1DA24064C}.Release|x64.ActiveCfg = Release|x64
		{84C76349-2E78-440C-82FB-C9F1DA24064C}.Release|x64.Build.0 = Release|x64
		{84C76349-2E78-440C-82FB-C9F1DA24064C}.Release|x86.ActiveCfg = Release|Win32
		{84C76349-2E78-440C-82FB-C9F1DA24064C}.Release|x86.Build.0 = Release|Win32
		{5816E6C5-D184-498E-B4B2-8C4FC7CD989A}.Debug|x64.ActiveCfg = Debug|x64
		{5816E6C5-D184-498E-B4B2-8C4FC7CD989A}.Debug|x64.Build.0 = Debug|x64
		{5816E6C5-D184-498E-B4B2-8C4FC7CD989A}.Debug|x86.ActiveCfg = Debug|Win32
		{5816E6C5-D184-498E-B4B2-8C4FC7CD989A}.Debug|x86.Build.0 = Debug|Win32
		{5816E6C5-D184-498E-B4B2-8C4FC7CD989A}.Release|x64.ActiveCfg = Release|x64
		{5816E6C5-D184-498E-B4B2-8C4FC7CD989A}.Release|x64.Build.0 = Release|x64
		{5816E6C5-D184-498E-B4B2-8C4FC7CD989A}.Release|x86.ActiveCfg = Release|Win32
		{5816E6C5-D184-498E-B4B2-8C4FC7CD989A}.Release|x86.Build.0 = Release|Win32
		{5B682EF2-1E27-4B9A-86E8-BD829E3AFDE3}.Debug|x64.ActiveCfg = Debug|x64
		{5B682EF2-1E27-4B9A-86E8-BD829E3AFDE3}.Debug|x64.Build.0 = Debug|x64
		{5B682EF2-1E27-4B9A-86E8-BD829E3AFDE3}.Debug|x86.ActiveCfg = Debug|Win32
		{5B682EF2-1E27-4B9A-86E8-BD829E3AFDE3}.Debug|x86.Build.0 = Debug|Win32
		{5B682EF2-1E27-4B9A-86E8-BD829E3AFDE3}.Release|x64.ActiveCfg = Release|x64
		{5B682EF2-1E27-4B9A-86E8-BD829E3AFDE3}.Release|x64.Build.0 = Release|x64
		{5B682EF2-1E27-4B9A-86E8-BD829E3AFDE3}.Release|x86.ActiveCfg = Release|Win32
		{5B682EF2-1E27-4B9A-86E8-BD829E3AFDE3}.Release|x86.Build.0 = Release|Win32
		{6EF367BD-452D-4666-BB58-B29935FDF2DC}.Debug|x64.ActiveCfg = Debug|x64
		{6EF367BD-452D-4666-BB58-B29935FDF2DC}.Debug|x64.Build.0 = Debug|x64
		{6EF367BD-452D-4666-BB58-B29935FDF2DC}.Debug|x86.ActiveCfg = Debug|Win32
		{6EF367BD-452D-4666-BB58-B29935FDF2DC}.Debug|x86.Build.0 = Debug|Win32
		{6EF367BD-452D-4666-BB58-B29935FDF2DC}.Release|x64.ActiveCfg = Release|x64
		{6EF367BD-452D-4666-BB58-B29935FDF2DC}.Release|x64.Build.0 = Release|x64
		{6EF367BD-452D-4666-BB58-B29935FDF2DC}.Release|x86.ActiveCfg = Release|Win32
		{6EF367BD-452D-4666-BB58-B29935FDF2DC}.Release|x86.Build.0 = Release|Win32
		{4679F7E1-8CA9-47E9-9DF4-086ACF09D3EB}.Debug|x64.ActiveCfg = Debug|x64
		{4679F7E1-8CA9-47E9-9DF4-086ACF09D3EB}.Debug|x64.Build.0 = Debug|x64
		{4679F7E1-8CA9-47E9-9DF4-086ACF09D3EB}.Debug|x86.ActiveCfg = Debug|Win32
		{4679F7E1-8CA9-47E9-9DF4-086ACF09D3EB}.Debug|x86.Build.0 = Debug|Win32
		{4679F7E1-8CA9-47E9-9DF4-086ACF09D3EB}.Release|x64.ActiveCfg = Release|x64
		{4679F7E1-8CA9-47E9-9DF4-086ACF09D3EB}.Release|x64.Build.0 = Release|x64
		{4679F7E1-8CA9-47E9-9DF4-086ACF09D3EB}.Release|x86.ActiveCfg = Release|Win32
		{4679F7E1-8CA9-47E9-9DF4-086ACF09D3EB}.Release|x86.Build.0 = Release|Win32
		{D854475F-8642-431A-B52C-657C9046C4F9}.Debug|x64.ActiveCfg = Debug|x64
		{D854475F-8642-431A-B52C-657C9046C4F9}.Debug|x64.Build.0 = Debug|x64
		{D854475F-8642-431A-B52C-657C9046C4F9}.Debug|x86.ActiveCfg = Debug|Win32
		{D854475F-8642-431A-B52C-657C9046C4F9}.Debug|x86.Build.0 = Debug|Win32
		{D854475F-8642-431A-B52C-657C9046C4F9}.Release|x64.ActiveCfg = Release|x64
		{D854475F-8642-431A-B52C-657C9046C4F9}.Release|x64.Build.0 = Release|x64
		{D854475F-8642-431A-B52C-657C9046C4F9}.Release|x86.ActiveCfg = Release|Win32
		{D854475F-8642-431A-B52C-657C9046C4F9}.Release|x86.Build.0 = Release|Win32
		{0F7E85ED-5068-4160-8492-0CECD1A4C498}.Debug|x64.ActiveCfg = Debug|x64
		{0F7E85ED-5068-4160-8492-0CECD1A4C498}.Debug|x64.Build.0 = Debug|x64
		{0F7E85ED-5068-4160-8492-0CECD1A4C498}.Debug|x86.ActiveCfg = Debug|Win32
		{0F7E85ED-5068-4160-8492-0CECD1A4C498}.Debug|x86.Build.0 = Debug|Win32
		{0F7E85ED-5068-4160-8492-0CECD1A4C498}.Release|x64.ActiveCfg = Release|x64
		{0F7E85ED-5068-4160-8492-0CECD1A4C498}.Release|x64.Build.0 = Release|x64
		{0F7E85ED-5068-4160-8492-0CECD1A4C498}.Release|x86.ActiveCfg = Release|Win32
		{0F7E85ED-5068-4160-8492-0CECD1A4C498}.Release|x86.Build.0 = Release|Win32
		{5955335D-57CF-420A-86D3-D0D6AABCF4A7}.Debug|x64.ActiveCfg = Debug|x64
		{5955335D-57CF-420A-86D3-D0D6AABCF4A7}.Debug|x64.Build.0 = Debug|x64
		{5955335D-57CF-420A-86D3-D0D6AABCF4A7}.Debug|x86.ActiveCfg = Debug|Win32
		{5955335D-57CF-420A-86D3-D0D6AABCF4A7}.Debug|x86.Build.0 = Debug|Win32
		{5955335D-57CF-420A-86D3-D0D6AABCF4A7}.Release|x64.ActiveCfg = Release|x64
		{5955335D-57CF-420A-86D3-D0D6AABCF4A7}.Release|x64.Build.0 = Release|x64
		{5955335D-57CF-420A-86D3-D0D6AABCF4A7}.Release|x86.ActiveCfg = Release|Win32
		{5955335D-57CF-420A-86D3-D0D6AABCF4A7}.Release|x86.Build.0 = Release|Win32
		{44CE8609-608E-46B6-BD9F-EA829CA36E02}.Debug|x64.ActiveCfg = Debug|x64
		{44CE8609-608E-46B6-BD9F-EA829CA36E02}.Debug|x64.Build.0 = Debug|x64
		{44CE8609-608E-46B6-BD9F-EA829CA36E02}.Debug|x86.ActiveCfg = Debug|Win32
		{44CE8609-608E-46B6-BD9F-EA829CA36E02}.Debug|x86.Build.0 = Debug|Win32
		{44CE8609-608E-46B6-BD9F-EA829CA36E02}.Release|x64.ActiveCfg = Release|x64
		{44CE8609-608E-46B6-BD9F-EA829CA36E02}.Release|x64.Build.0 = Release|x64
		{44CE8609-608E-46B6-BD9F-EA829CA36E02}.Release|x86.ActiveCfg = Release|Win32
		{44CE8609-608E-46B6-BD9F-EA829CA36E02}.Release|x86.Build.0 = Release|Win32
		{18333C0D-7CF7-4AF9-B7EE-DA27F6463060}.Debug|x64.ActiveCfg = Debug|x64
		{18333C0D-7CF7-4AF9-B7EE-DA27F6463060}.Debug|x64.Build.0 = Debug|x64
		{18333C0D-7CF7-4AF9-B7EE-DA27F6463060}.Debug|x86.ActiveCfg = Debug|Win32
		{18333C0D-7CF7-4AF9-B7EE-DA27F6463060}.Debug|x86.Build.0 = Debug|Win32
		{18333C0D-7CF7-4AF9-B7EE-DA27F6463060}.Release|x64.ActiveCfg = Release|x64
		{18333C0D-7CF7-4AF9-B7EE-DA27F6463060}.Release|x64.Build.0 = Release|x64
		{18333C0D-7CF7-4AF9-B7EE-DA27F6463060}.Release|x86.ActiveCfg = Release|Win32
		{18333C0D-7CF7-4AF9-B7EE-DA27F6463060}.Release|x86.Build.0 = Release|Win32
		{4F368920-6C74-406F-91F0-F16FDC5F2BF6}.Debug|x64.ActiveCfg = Debug|x64
		{4F368920-6C74-406F-91F0-F16FDC5F2BF6}.Debug|x64.Build.0 = Debug|x64
		{4F368920-6C74-406F-91F0-F16FDC5F2BF6}.Debug|x86.ActiveCfg = Debug|Win32
		{4F368920-6C74-406F-91F0-F16FDC5F2BF6}.Debug|x86.Build.0 = Debug|Win32
		{4F368920-6C74-406F-91F0-F16FDC5F2BF6}.Release|x64.ActiveCfg = Release|x64
		{4F368920-6C74-406F-91F0-F16FDC5F2BF6}.Release|x64.Build.0 = Release|x64
		{4F368920-6C74-406F-91F0-F16FDC5F2BF6}.Release|x86.ActiveCfg = Release|Win32
		{4F368920-6C74-406F-91F0-F16FDC5F2BF6}.Release|x86.Build.0 = Release|Win32
		{58998BA4-AF49-47EF-9842-C598CB539493}.Debug|x64.ActiveCfg = Debug|x64
		{58998BA4-AF49-47EF-9842-C598CB539493}.Debug|x64.Build.0 = Debug|x64
		{58998BA4-AF49-47EF-9842-C598CB539493}.Debug|x86.ActiveCfg = Debug|Win32
		{58998BA4-AF49-47EF-9842-C598CB539493}.Debug|x86.Build.0 = Debug|Win32
		{58998BA4-AF49-47EF-9842-C598CB539493}.Release|x64.ActiveCfg = Release|x64
		{58998BA4-AF49-47EF-9842-C598CB539493}.Release|x64.Build.0 = Release|x64
		{58998BA4-AF49-47EF-9842-C598CB539493}.Release|x86.ActiveCfg = Release|Win32
		{58998BA4-AF49-47EF-9842-C598CB539493}.Release|x86.Build.0 = Release|Win32
		{7BB24B32-AD1E-44B6-A7B8-AE05B43DB0C0}.Debug|x64.ActiveCfg = Debug|x64
		{7BB24B32-AD1E-44B6-A7B8-AE05B43DB0C0}.Debug|x64.Build.0 = Debug|x64
		{7BB24B32-AD1E-44B6-A7B8-AE05B43DB0C0}.Debug|x86.ActiveCfg = Debug|Win32
		{7BB24B32-AD1E-44B6-A7B8-AE05B43DB0C0}.Debug|x86.Build.0 = Debug|Win32
		{7BB24B32-AD1E-44B6-A7B8-AE05B43DB0C0}.Release|x64.ActiveCfg = Release|x64
		{7BB24B32-AD1E-44B6-A7B8-AE05B43DB0C0}.Release|x64.Build.0 = Release|x64
		{7BB24B32-AD1E-44B6-A7B8-AE05B43DB0C0}.Release|x86.ActiveCfg = Release|Win32
		{7BB24B32-AD1E-44B6-A7B8-AE05B43DB0C0}.Release|x86.Build.0 = Release|Win32
	EndGlobalSection
	GlobalSection(SolutionProperties) = preSolution
		HideSolutionNode = FALSE
	EndGlobalSection
EndGlobal
